{
  "nodes": {
    "arf": {
      "flake": false,
      "locked": {
        "lastModified": 1773788002,
        "narHash": "sha256-ysqgeQ8632dEyFWKRYp8dXjUEj8IVift5hUk6V4kN8w=",
        "owner": "eitsupi",
        "repo": "arf",
        "rev": "3a60760e9aec72f018ea4985e1704883a4e0f8e6",
        "type": "github"
      },
      "original": {
        "owner": "eitsupi",
        "repo": "arf",
        "type": "github"
      }
    },
    "ggpmthemes": {
      "flake": false,
      "locked": {
        "lastModified": 1654858605,
        "narHash": "sha256-1T0R/lYYS5Goe4w2PVw5wua0vmlqZqlrdTjNQL3a5LU=",
        "owner": "PMassicotte",
        "repo": "ggpmthemes",
        "rev": "993d61e7d03c794212dcb8d08d015f969e4e56bd",
        "type": "github"
      },
      "original": {
        "owner": "PMassicotte",
        "repo": "ggpmthemes",
        "type": "github"
      }
    },
    "nixpkgs": {
      "locked": {
        "lastModified": 1773734432,
        "narHash": "sha256-IF5ppUWh6gHGHYDbtVUyhwy/i7D261P7fWD1bPefOsw=",
        "owner": "NixOS",
        "repo": "nixpkgs",
        "rev": "cda48547b432e8d3b18b4180ba07473762ec8558",
        "type": "github"
      },
      "original": {
        "owner": "NixOS",
        "ref": "nixos-unstable",
        "repo": "nixpkgs",
        "type": "github"
      }
    },
    "rnaturalearthhires": {
      "flake": false,
      "locked": {
        "lastModified": 1751713976,
        "narHash": "sha256-h+Y37U2aV/F54X+87iNBeRFcrYpNYPS/zzczVO+xZVs=",
        "owner": "ropensci",
        "repo": "rnaturalearthhires",
        "rev": "e4736f636baa1c013d77d2ba028dd5bc334defee",
        "type": "github"
      },
      "original": {
        "owner": "ropensci",
        "repo": "rnaturalearthhires",
        "type": "github"
      }
    },
    "root": {
      "inputs": {
        "arf": "arf",
        "ggpmthemes": "ggpmthemes",
        "nixpkgs": "nixpkgs",
        "rnaturalearthhires": "rnaturalearthhires"
      }
    }
  },
  "root": "root",
  "version": 7
}
