{
  "nodes": {
    "arf": {
      "flake": false,
      "locked": {
        "lastModified": 1774172655,
        "narHash": "sha256-VuZo02D3+NA1Om9ETg4fol0FIlb3HCJGjSAF6l61v18=",
        "owner": "eitsupi",
        "repo": "arf",
        "rev": "dee4f8841245ceffd149d03d3157ca421c5d512e",
        "type": "github"
      },
      "original": {
        "owner": "eitsupi",
        "repo": "arf",
        "type": "github"
      }
    },
    "ggpmthemes": {
      "flake": false,
      "locked": {
        "lastModified": 1654858605,
        "narHash": "sha256-1T0R/lYYS5Goe4w2PVw5wua0vmlqZqlrdTjNQL3a5LU=",
        "owner": "PMassicotte",
        "repo": "ggpmthemes",
        "rev": "993d61e7d03c794212dcb8d08d015f969e4e56bd",
        "type": "github"
      },
      "original": {
        "owner": "PMassicotte",
        "repo": "ggpmthemes",
        "type": "github"
      }
    },
    "nixpkgs": {
      "locked": {
        "lastModified": 1774106199,
        "narHash": "sha256-US5Tda2sKmjrg2lNHQL3jRQ6p96cgfWh3J1QBliQ8Ws=",
        "owner": "NixOS",
        "repo": "nixpkgs",
        "rev": "6c9a78c09ff4d6c21d0319114873508a6ec01655",
        "type": "github"
      },
      "original": {
        "owner": "NixOS",
        "ref": "nixos-unstable",
        "repo": "nixpkgs",
        "type": "github"
      }
    },
    "rnaturalearthhires": {
      "flake": false,
      "locked": {
        "lastModified": 1751713976,
        "narHash": "sha256-h+Y37U2aV/F54X+87iNBeRFcrYpNYPS/zzczVO+xZVs=",
        "owner": "ropensci",
        "repo": "rnaturalearthhires",
        "rev": "e4736f636baa1c013d77d2ba028dd5bc334defee",
        "type": "github"
      },
      "original": {
        "owner": "ropensci",
        "repo": "rnaturalearthhires",
        "type": "github"
      }
    },
    "root": {
      "inputs": {
        "arf": "arf",
        "ggpmthemes": "ggpmthemes",
        "nixpkgs": "nixpkgs",
        "rnaturalearthhires": "rnaturalearthhires"
      }
    }
  },
  "root": "root",
  "version": 7
}
